
Microsoft Visual Studio Solution File, Format Version 12.00
# Visual Studio Version 16
VisualStudioVersion = 16.0.31702.278
MinimumVisualStudioVersion = 10.0.40219.1
Project("{9A19103F-16F7-4668-BE54-9A1E7A4F7556}") = "shelf_life_Form_App", "shelf_life_Form_App\shelf_life_Form_App.csproj", "{DEF48F69-1B0C-4F2D-8B7F-C54D634DD742}"
EndProject
Project("{54435603-DBB4-11D2-8724-00A0C9A8B90C}") = "Setup", "Setup\Setup.vdproj", "{639128C5-D43B-4259-A184-7A8BAD077D0B}"
EndProject
Project("{FAE04EC0-301F-11D3-BF4B-00C04F79EFBC}") = "ShelfLifeMobileApp.UWP", "ShelfLifeMobileApp\ShelfLifeMobileApp.UWP\ShelfLifeMobileApp.UWP.csproj", "{C1FA1E54-3F69-4B6D-8F3F-1177DEB043DB}"
EndProject
Project("{FAE04EC0-301F-11D3-BF4B-00C04F79EFBC}") = "ShelfLifeMobileApp.Android", "ShelfLifeMobileApp\ShelfLifeMobileApp.Android\ShelfLifeMobileApp.Android.csproj", "{4D6BB6D7-E597-4CF0-BC49-966CCFA7AF96}"
EndProject
Project("{FAE04EC0-301F-11D3-BF4B-00C04F79EFBC}") = "ShelfLifeMobileApp.iOS", "ShelfLifeMobileApp\ShelfLifeMobileApp.iOS\ShelfLifeMobileApp.iOS.csproj", "{F276C117-D426-485B-BBB1-1945D68937E8}"
EndProject
Project("{FAE04EC0-301F-11D3-BF4B-00C04F79EFBC}") = "ShelfLifeMobileApp", "ShelfLifeMobileApp\ShelfLifeMobileApp\ShelfLifeMobileApp.csproj", "{9F958310-4078-4941-914A-24F2CFBB11C8}"
EndProject
Global
	GlobalSection(SolutionConfigurationPlatforms) = preSolution
		Debug|Any CPU = Debug|Any CPU
		Debug|ARM = Debug|ARM
		Debug|iPhone = Debug|iPhone
		Debug|iPhoneSimulator = Debug|iPhoneSimulator
		Debug|x64 = Debug|x64
		Debug|x86 = Debug|x86
		Release|Any CPU = Release|Any CPU
		Release|ARM = Release|ARM
		Release|iPhone = Release|iPhone
		Release|iPhoneSimulator = Release|iPhoneSimulator
		Release|x64 = Release|x64
		Release|x86 = Release|x86
	EndGlobalSection
	GlobalSection(ProjectConfigurationPlatforms) = postSolution
		{DEF48F69-1B0C-4F2D-8B7F-C54D634DD742}.Debug|Any CPU.ActiveCfg = Debug|Any CPU
		{DEF48F69-1B0C-4F2D-8B7F-C54D634DD742}.Debug|Any CPU.Build.0 = Debug|Any CPU
		{DEF48F69-1B0C-4F2D-8B7F-C54D634DD742}.Debug|ARM.ActiveCfg = Debug|Any CPU
		{DEF48F69-1B0C-4F2D-8B7F-C54D634DD742}.Debug|ARM.Build.0 = Debug|Any CPU
		{DEF48F69-1B0C-4F2D-8B7F-C54D634DD742}.Debug|iPhone.ActiveCfg = Debug|Any CPU
		{DEF48F69-1B0C-4F2D-8B7F-C54D634DD742}.Debug|iPhone.Build.0 = Debug|Any CPU
		{DEF48F69-1B0C-4F2D-8B7F-C54D634DD742}.Debug|iPhoneSimulator.ActiveCfg = Debug|Any CPU
		{DEF48F69-1B0C-4F2D-8B7F-C54D634DD742}.Debug|iPhoneSimulator.Build.0 = Debug|Any CPU
		{DEF48F69-1B0C-4F2D-8B7F-C54D634DD742}.Debug|x64.ActiveCfg = Debug|Any CPU
		{DEF48F69-1B0C-4F2D-8B7F-C54D634DD742}.Debug|x64.Build.0 = Debug|Any CPU
		{DEF48F69-1B0C-4F2D-8B7F-C54D634DD742}.Debug|x86.ActiveCfg = Debug|Any CPU
		{DEF48F69-1B0C-4F2D-8B7F-C54D634DD742}.Debug|x86.Build.0 = Debug|Any CPU
		{DEF48F69-1B0C-4F2D-8B7F-C54D634DD742}.Release|Any CPU.ActiveCfg = Release|Any CPU
		{DEF48F69-1B0C-4F2D-8B7F-C54D634DD742}.Release|Any CPU.Build.0 = Release|Any CPU
		{DEF48F69-1B0C-4F2D-8B7F-C54D634DD742}.Release|ARM.ActiveCfg = Release|Any CPU
		{DEF48F69-1B0C-4F2D-8B7F-C54D634DD742}.Release|ARM.Build.0 = Release|Any CPU
		{DEF48F69-1B0C-4F2D-8B7F-C54D634DD742}.Release|iPhone.ActiveCfg = Release|Any CPU
		{DEF48F69-1B0C-4F2D-8B7F-C54D634DD742}.Release|iPhone.Build.0 = Release|Any CPU
		{DEF48F69-1B0C-4F2D-8B7F-C54D634DD742}.Release|iPhoneSimulator.ActiveCfg = Release|Any CPU
		{DEF48F69-1B0C-4F2D-8B7F-C54D634DD742}.Release|iPhoneSimulator.Build.0 = Release|Any CPU
		{DEF48F69-1B0C-4F2D-8B7F-C54D634DD742}.Release|x64.ActiveCfg = Release|Any CPU
		{DEF48F69-1B0C-4F2D-8B7F-C54D634DD742}.Release|x64.Build.0 = Release|Any CPU
		{DEF48F69-1B0C-4F2D-8B7F-C54D634DD742}.Release|x86.ActiveCfg = Release|Any CPU
		{DEF48F69-1B0C-4F2D-8B7F-C54D634DD742}.Release|x86.Build.0 = Release|Any CPU
		{639128C5-D43B-4259-A184-7A8BAD077D0B}.Debug|Any CPU.ActiveCfg = Debug
		{639128C5-D43B-4259-A184-7A8BAD077D0B}.Debug|ARM.ActiveCfg = Debug
		{639128C5-D43B-4259-A184-7A8BAD077D0B}.Debug|ARM.Build.0 = Debug
		{639128C5-D43B-4259-A184-7A8BAD077D0B}.Debug|iPhone.ActiveCfg = Debug
		{639128C5-D43B-4259-A184-7A8BAD077D0B}.Debug|iPhone.Build.0 = Debug
		{639128C5-D43B-4259-A184-7A8BAD077D0B}.Debug|iPhoneSimulator.ActiveCfg = Debug
		{639128C5-D43B-4259-A184-7A8BAD077D0B}.Debug|iPhoneSimulator.Build.0 = Debug
		{639128C5-D43B-4259-A184-7A8BAD077D0B}.Debug|x64.ActiveCfg = Debug
		{639128C5-D43B-4259-A184-7A8BAD077D0B}.Debug|x64.Build.0 = Debug
		{639128C5-D43B-4259-A184-7A8BAD077D0B}.Debug|x86.ActiveCfg = Debug
		{639128C5-D43B-4259-A184-7A8BAD077D0B}.Debug|x86.Build.0 = Debug
		{639128C5-D43B-4259-A184-7A8BAD077D0B}.Release|Any CPU.ActiveCfg = Release
		{639128C5-D43B-4259-A184-7A8BAD077D0B}.Release|Any CPU.Build.0 = Release
		{639128C5-D43B-4259-A184-7A8BAD077D0B}.Release|ARM.ActiveCfg = Release
		{639128C5-D43B-4259-A184-7A8BAD077D0B}.Release|ARM.Build.0 = Release
		{639128C5-D43B-4259-A184-7A8BAD077D0B}.Release|iPhone.ActiveCfg = Release
		{639128C5-D43B-4259-A184-7A8BAD077D0B}.Release|iPhone.Build.0 = Release
		{639128C5-D43B-4259-A184-7A8BAD077D0B}.Release|iPhoneSimulator.ActiveCfg = Release
		{639128C5-D43B-4259-A184-7A8BAD077D0B}.Release|iPhoneSimulator.Build.0 = Release
		{639128C5-D43B-4259-A184-7A8BAD077D0B}.Release|x64.ActiveCfg = Release
		{639128C5-D43B-4259-A184-7A8BAD077D0B}.Release|x64.Build.0 = Release
		{639128C5-D43B-4259-A184-7A8BAD077D0B}.Release|x86.ActiveCfg = Release
		{639128C5-D43B-4259-A184-7A8BAD077D0B}.Release|x86.Build.0 = Release
		{C1FA1E54-3F69-4B6D-8F3F-1177DEB043DB}.Debug|Any CPU.ActiveCfg = Debug|x86
		{C1FA1E54-3F69-4B6D-8F3F-1177DEB043DB}.Debug|ARM.ActiveCfg = Debug|ARM
		{C1FA1E54-3F69-4B6D-8F3F-1177DEB043DB}.Debug|ARM.Build.0 = Debug|ARM
		{C1FA1E54-3F69-4B6D-8F3F-1177DEB043DB}.Debug|ARM.Deploy.0 = Debug|ARM
		{C1FA1E54-3F69-4B6D-8F3F-1177DEB043DB}.Debug|iPhone.ActiveCfg = Debug|x86
		{C1FA1E54-3F69-4B6D-8F3F-1177DEB043DB}.Debug|iPhoneSimulator.ActiveCfg = Debug|x86
		{C1FA1E54-3F69-4B6D-8F3F-1177DEB043DB}.Debug|x64.ActiveCfg = Debug|x64
		{C1FA1E54-3F69-4B6D-8F3F-1177DEB043DB}.Debug|x64.Build.0 = Debug|x64
		{C1FA1E54-3F69-4B6D-8F3F-1177DEB043DB}.Debug|x64.Deploy.0 = Debug|x64
		{C1FA1E54-3F69-4B6D-8F3F-1177DEB043DB}.Debug|x86.ActiveCfg = Debug|x86
		{C1FA1E54-3F69-4B6D-8F3F-1177DEB043DB}.Debug|x86.Build.0 = Debug|x86
		{C1FA1E54-3F69-4B6D-8F3F-1177DEB043DB}.Debug|x86.Deploy.0 = Debug|x86
		{C1FA1E54-3F69-4B6D-8F3F-1177DEB043DB}.Release|Any CPU.ActiveCfg = Release|x86
		{C1FA1E54-3F69-4B6D-8F3F-1177DEB043DB}.Release|ARM.ActiveCfg = Release|ARM
		{C1FA1E54-3F69-4B6D-8F3F-1177DEB043DB}.Release|ARM.Build.0 = Release|ARM
		{C1FA1E54-3F69-4B6D-8F3F-1177DEB043DB}.Release|ARM.Deploy.0 = Release|ARM
		{C1FA1E54-3F69-4B6D-8F3F-1177DEB043DB}.Release|iPhone.ActiveCfg = Release|x86
		{C1FA1E54-3F69-4B6D-8F3F-1177DEB043DB}.Release|iPhoneSimulator.ActiveCfg = Release|x86
		{C1FA1E54-3F69-4B6D-8F3F-1177DEB043DB}.Release|x64.ActiveCfg = Release|x64
		{C1FA1E54-3F69-4B6D-8F3F-1177DEB043DB}.Release|x64.Build.0 = Release|x64
		{C1FA1E54-3F69-4B6D-8F3F-1177DEB043DB}.Release|x64.Deploy.0 = Release|x64
		{C1FA1E54-3F69-4B6D-8F3F-1177DEB043DB}.Release|x86.ActiveCfg = Release|x86
		{C1FA1E54-3F69-4B6D-8F3F-1177DEB043DB}.Release|x86.Build.0 = Release|x86
		{C1FA1E54-3F69-4B6D-8F3F-1177DEB043DB}.Release|x86.Deploy.0 = Release|x86
		{4D6BB6D7-E597-4CF0-BC49-966CCFA7AF96}.Debug|Any CPU.ActiveCfg = Debug|Any CPU
		{4D6BB6D7-E597-4CF0-BC49-966CCFA7AF96}.Debug|Any CPU.Build.0 = Debug|Any CPU
		{4D6BB6D7-E597-4CF0-BC49-966CCFA7AF96}.Debug|Any CPU.Deploy.0 = Debug|Any CPU
		{4D6BB6D7-E597-4CF0-BC49-966CCFA7AF96}.Debug|ARM.ActiveCfg = Debug|Any CPU
		{4D6BB6D7-E597-4CF0-BC49-966CCFA7AF96}.Debug|ARM.Build.0 = Debug|Any CPU
		{4D6BB6D7-E597-4CF0-BC49-966CCFA7AF96}.Debug|ARM.Deploy.0 = Debug|Any CPU
		{4D6BB6D7-E597-4CF0-BC49-966CCFA7AF96}.Debug|iPhone.ActiveCfg = Debug|Any CPU
		{4D6BB6D7-E597-4CF0-BC49-966CCFA7AF96}.Debug|iPhone.Build.0 = Debug|Any CPU
		{4D6BB6D7-E597-4CF0-BC49-966CCFA7AF96}.Debug|iPhone.Deploy.0 = Debug|Any CPU
		{4D6BB6D7-E597-4CF0-BC49-966CCFA7AF96}.Debug|iPhoneSimulator.ActiveCfg = Debug|Any CPU
		{4D6BB6D7-E597-4CF0-BC49-966CCFA7AF96}.Debug|iPhoneSimulator.Build.0 = Debug|Any CPU
		{4D6BB6D7-E597-4CF0-BC49-966CCFA7AF96}.Debug|iPhoneSimulator.Deploy.0 = Debug|Any CPU
		{4D6BB6D7-E597-4CF0-BC49-966CCFA7AF96}.Debug|x64.ActiveCfg = Debug|Any CPU
		{4D6BB6D7-E597-4CF0-BC49-966CCFA7AF96}.Debug|x64.Build.0 = Debug|Any CPU
		{4D6BB6D7-E597-4CF0-BC49-966CCFA7AF96}.Debug|x64.Deploy.0 = Debug|Any CPU
		{4D6BB6D7-E597-4CF0-BC49-966CCFA7AF96}.Debug|x86.ActiveCfg = Debug|Any CPU
		{4D6BB6D7-E597-4CF0-BC49-966CCFA7AF96}.Debug|x86.Build.0 = Debug|Any CPU
		{4D6BB6D7-E597-4CF0-BC49-966CCFA7AF96}.Debug|x86.Deploy.0 = Debug|Any CPU
		{4D6BB6D7-E597-4CF0-BC49-966CCFA7AF96}.Release|Any CPU.ActiveCfg = Release|Any CPU
		{4D6BB6D7-E597-4CF0-BC49-966CCFA7AF96}.Release|Any CPU.Build.0 = Release|Any CPU
		{4D6BB6D7-E597-4CF0-BC49-966CCFA7AF96}.Release|Any CPU.Deploy.0 = Release|Any CPU
		{4D6BB6D7-E597-4CF0-BC49-966CCFA7AF96}.Release|ARM.ActiveCfg = Release|Any CPU
		{4D6BB6D7-E597-4CF0-BC49-966CCFA7AF96}.Release|ARM.Build.0 = Release|Any CPU
		{4D6BB6D7-E597-4CF0-BC49-966CCFA7AF96}.Release|ARM.Deploy.0 = Release|Any CPU
		{4D6BB6D7-E597-4CF0-BC49-966CCFA7AF96}.Release|iPhone.ActiveCfg = Release|Any CPU
		{4D6BB6D7-E597-4CF0-BC49-966CCFA7AF96}.Release|iPhone.Build.0 = Release|Any CPU
		{4D6BB6D7-E597-4CF0-BC49-966CCFA7AF96}.Release|iPhone.Deploy.0 = Release|Any CPU
		{4D6BB6D7-E597-4CF0-BC49-966CCFA7AF96}.Release|iPhoneSimulator.ActiveCfg = Release|Any CPU
		{4D6BB6D7-E597-4CF0-BC49-966CCFA7AF96}.Release|iPhoneSimulator.Build.0 = Release|Any CPU
		{4D6BB6D7-E597-4CF0-BC49-966CCFA7AF96}.Release|iPhoneSimulator.Deploy.0 = Release|Any CPU
		{4D6BB6D7-E597-4CF0-BC49-966CCFA7AF96}.Release|x64.ActiveCfg = Release|Any CPU
		{4D6BB6D7-E597-4CF0-BC49-966CCFA7AF96}.Release|x64.Build.0 = Release|Any CPU
		{4D6BB6D7-E597-4CF0-BC49-966CCFA7AF96}.Release|x64.Deploy.0 = Release|Any CPU
		{4D6BB6D7-E597-4CF0-BC49-966CCFA7AF96}.Release|x86.ActiveCfg = Release|Any CPU
		{4D6BB6D7-E597-4CF0-BC49-966CCFA7AF96}.Release|x86.Build.0 = Release|Any CPU
		{4D6BB6D7-E597-4CF0-BC49-966CCFA7AF96}.Release|x86.Deploy.0 = Release|Any CPU
		{F276C117-D426-485B-BBB1-1945D68937E8}.Debug|Any CPU.ActiveCfg = Debug|iPhoneSimulator
		{F276C117-D426-485B-BBB1-1945D68937E8}.Debug|ARM.ActiveCfg = Debug|iPhoneSimulator
		{F276C117-D426-485B-BBB1-1945D68937E8}.Debug|iPhone.ActiveCfg = Debug|iPhone
		{F276C117-D426-485B-BBB1-1945D68937E8}.Debug|iPhone.Build.0 = Debug|iPhone
		{F276C117-D426-485B-BBB1-1945D68937E8}.Debug|iPhoneSimulator.ActiveCfg = Debug|iPhoneSimulator
		{F276C117-D426-485B-BBB1-1945D68937E8}.Debug|iPhoneSimulator.Build.0 = Debug|iPhoneSimulator
		{F276C117-D426-485B-BBB1-1945D68937E8}.Debug|x64.ActiveCfg = Debug|iPhoneSimulator
		{F276C117-D426-485B-BBB1-1945D68937E8}.Debug|x86.ActiveCfg = Debug|iPhoneSimulator
		{F276C117-D426-485B-BBB1-1945D68937E8}.Release|Any CPU.ActiveCfg = Release|iPhoneSimulator
		{F276C117-D426-485B-BBB1-1945D68937E8}.Release|ARM.ActiveCfg = Release|iPhoneSimulator
		{F276C117-D426-485B-BBB1-1945D68937E8}.Release|iPhone.ActiveCfg = Release|iPhone
		{F276C117-D426-485B-BBB1-1945D68937E8}.Release|iPhone.Build.0 = Release|iPhone
		{F276C117-D426-485B-BBB1-1945D68937E8}.Release|iPhoneSimulator.ActiveCfg = Release|iPhoneSimulator
		{F276C117-D426-485B-BBB1-1945D68937E8}.Release|iPhoneSimulator.Build.0 = Release|iPhoneSimulator
		{F276C117-D426-485B-BBB1-1945D68937E8}.Release|x64.ActiveCfg = Release|iPhoneSimulator
		{F276C117-D426-485B-BBB1-1945D68937E8}.Release|x86.ActiveCfg = Release|iPhoneSimulator
		{9F958310-4078-4941-914A-24F2CFBB11C8}.Debug|Any CPU.ActiveCfg = Debug|Any CPU
		{9F958310-4078-4941-914A-24F2CFBB11C8}.Debug|Any CPU.Build.0 = Debug|Any CPU
		{9F958310-4078-4941-914A-24F2CFBB11C8}.Debug|ARM.ActiveCfg = Debug|Any CPU
		{9F958310-4078-4941-914A-24F2CFBB11C8}.Debug|ARM.Build.0 = Debug|Any CPU
		{9F958310-4078-4941-914A-24F2CFBB11C8}.Debug|iPhone.ActiveCfg = Debug|Any CPU
		{9F958310-4078-4941-914A-24F2CFBB11C8}.Debug|iPhone.Build.0 = Debug|Any CPU
		{9F958310-4078-4941-914A-24F2CFBB11C8}.Debug|iPhoneSimulator.ActiveCfg = Debug|Any CPU
		{9F958310-4078-4941-914A-24F2CFBB11C8}.Debug|iPhoneSimulator.Build.0 = Debug|Any CPU
		{9F958310-4078-4941-914A-24F2CFBB11C8}.Debug|x64.ActiveCfg = Debug|Any CPU
		{9F958310-4078-4941-914A-24F2CFBB11C8}.Debug|x64.Build.0 = Debug|Any CPU
		{9F958310-4078-4941-914A-24F2CFBB11C8}.Debug|x86.ActiveCfg = Debug|Any CPU
		{9F958310-4078-4941-914A-24F2CFBB11C8}.Debug|x86.Build.0 = Debug|Any CPU
		{9F958310-4078-4941-914A-24F2CFBB11C8}.Release|Any CPU.ActiveCfg = Release|Any CPU
		{9F958310-4078-4941-914A-24F2CFBB11C8}.Release|Any CPU.Build.0 = Release|Any CPU
		{9F958310-4078-4941-914A-24F2CFBB11C8}.Release|ARM.ActiveCfg = Release|Any CPU
		{9F958310-4078-4941-914A-24F2CFBB11C8}.Release|ARM.Build.0 = Release|Any CPU
		{9F958310-4078-4941-914A-24F2CFBB11C8}.Release|iPhone.ActiveCfg = Release|Any CPU
		{9F958310-4078-4941-914A-24F2CFBB11C8}.Release|iPhone.Build.0 = Release|Any CPU
		{9F958310-4078-4941-914A-24F2CFBB11C8}.Release|iPhoneSimulator.ActiveCfg = Release|Any CPU
		{9F958310-4078-4941-914A-24F2CFBB11C8}.Release|iPhoneSimulator.Build.0 = Release|Any CPU
		{9F958310-4078-4941-914A-24F2CFBB11C8}.Release|x64.ActiveCfg = Release|Any CPU
		{9F958310-4078-4941-914A-24F2CFBB11C8}.Release|x64.Build.0 = Release|Any CPU
		{9F958310-4078-4941-914A-24F2CFBB11C8}.Release|x86.ActiveCfg = Release|Any CPU
		{9F958310-4078-4941-914A-24F2CFBB11C8}.Release|x86.Build.0 = Release|Any CPU
	EndGlobalSection
	GlobalSection(SolutionProperties) = preSolution
		HideSolutionNode = FALSE
	EndGlobalSection
	GlobalSection(ExtensibilityGlobals) = postSolution
		SolutionGuid = {EB6407B0-CA8D-47A8-AEB4-0761FAA3BBC3}
	EndGlobalSection
EndGlobal
