
Microsoft Visual Studio Solution File, Format Version 12.00
# Visual Studio Version 16
VisualStudioVersion = 16.0.31702.278
MinimumVisualStudioVersion = 10.0.40219.1
Project("{FAE04EC0-301F-11D3-BF4B-00C04F79EFBC}") = "shelf_life_Form_App", "shelf_life_Form_App\shelf_life_Form_App.csproj", "{DEF48F69-1B0C-4F2D-8B7F-C54D634DD742}"
EndProject
Global
	GlobalSection(SolutionConfigurationPlatforms) = preSolution
		Debug|Any CPU = Debug|Any CPU
		Release|Any CPU = Release|Any CPU
	EndGlobalSection
	GlobalSection(ProjectConfigurationPlatforms) = postSolution
		{DEF48F69-1B0C-4F2D-8B7F-C54D634DD742}.Debug|Any CPU.ActiveCfg = Debug|Any CPU
		{DEF48F69-1B0C-4F2D-8B7F-C54D634DD742}.Debug|Any CPU.Build.0 = Debug|Any CPU
		{DEF48F69-1B0C-4F2D-8B7F-C54D634DD742}.Release|Any CPU.ActiveCfg = Release|Any CPU
		{DEF48F69-1B0C-4F2D-8B7F-C54D634DD742}.Release|Any CPU.Build.0 = Release|Any CPU
	EndGlobalSection
	GlobalSection(SolutionProperties) = preSolution
		HideSolutionNode = FALSE
	EndGlobalSection
	GlobalSection(ExtensibilityGlobals) = postSolution
		SolutionGuid = {EB6407B0-CA8D-47A8-AEB4-0761FAA3BBC3}
	EndGlobalSection
EndGlobal
